
Microsoft Visual Studio Solution File, Format Version 12.00
# Visual Studio Version 17
VisualStudioVersion = 17.3.32901.215
MinimumVisualStudioVersion = 10.0.40219.1
Project("{FAE04EC0-301F-11D3-BF4B-00C04F79EFBC}") = "Проект", "Проект\Проект.csproj", "{DAFAC5A8-8DE7-48CE-8BE5-FB6B806226B3}"
EndProject
Global
	GlobalSection(SolutionConfigurationPlatforms) = preSolution
		Debug|Any CPU = Debug|Any CPU
		Release|Any CPU = Release|Any CPU
	EndGlobalSection
	GlobalSection(ProjectConfigurationPlatforms) = postSolution
		{DAFAC5A8-8DE7-48CE-8BE5-FB6B806226B3}.Debug|Any CPU.ActiveCfg = Debug|Any CPU
		{DAFAC5A8-8DE7-48CE-8BE5-FB6B806226B3}.Debug|Any CPU.Build.0 = Debug|Any CPU
		{DAFAC5A8-8DE7-48CE-8BE5-FB6B806226B3}.Release|Any CPU.ActiveCfg = Release|Any CPU
		{DAFAC5A8-8DE7-48CE-8BE5-FB6B806226B3}.Release|Any CPU.Build.0 = Release|Any CPU
	EndGlobalSection
	GlobalSection(SolutionProperties) = preSolution
		HideSolutionNode = FALSE
	EndGlobalSection
	GlobalSection(ExtensibilityGlobals) = postSolution
		SolutionGuid = {D0FFC873-A82F-4683-B4B4-4676D8F31D27}
	EndGlobalSection
EndGlobal
